
Microsoft Visual Studio Solution File, Format Version 12.00
# Visual Studio Version 17
VisualStudioVersion = 17.5.002.0
MinimumVisualStudioVersion = 10.0.40219.1
Project("{9A19103F-16F7-4668-BE54-9A1E7A4F7556}") = "CadastroContatos", "CadastroContatos.csproj", "{CBE9E0B7-2D20-4C19-B479-43A519B937CD}"
EndProject
Global
	GlobalSection(SolutionConfigurationPlatforms) = preSolution
		Debug|Any CPU = Debug|Any CPU
		Release|Any CPU = Release|Any CPU
	EndGlobalSection
	GlobalSection(ProjectConfigurationPlatforms) = postSolution
		{CBE9E0B7-2D20-4C19-B479-43A519B937CD}.Debug|Any CPU.ActiveCfg = Debug|Any CPU
		{CBE9E0B7-2D20-4C19-B479-43A519B937CD}.Debug|Any CPU.Build.0 = Debug|Any CPU
		{CBE9E0B7-2D20-4C19-B479-43A519B937CD}.Release|Any CPU.ActiveCfg = Release|Any CPU
		{CBE9E0B7-2D20-4C19-B479-43A519B937CD}.Release|Any CPU.Build.0 = Release|Any CPU
	EndGlobalSection
	GlobalSection(SolutionProperties) = preSolution
		HideSolutionNode = FALSE
	EndGlobalSection
	GlobalSection(ExtensibilityGlobals) = postSolution
		SolutionGuid = {362C78F6-9D3B-473C-BD6B-79F78B06F91C}
	EndGlobalSection
EndGlobal
